{
  "name": "good_match",
  "version": "1.0.0",
  "lockfileVersion": 2,
  "requires": true,
  "packages": {
    "": {
      "name": "good_match",
      "version": "1.0.0",
      "license": "ISC",
      "dependencies": {
        "yg-good-match": "^1.0.0"
      }
    },
    "node_modules/yg-good-match": {
      "version": "1.0.0",
      "resolved": "https://registry.npmjs.org/yg-good-match/-/yg-good-match-1.0.0.tgz",
      "integrity": "sha512-8U7NvHyJhQIuUSyKYqJAFoLhEfdxkcKFHsR//Aj61G2MKpOHy5T2dhxRtAHR9yLm88LkarAULJMOpH9i9x8icg=="
    }
  },
  "dependencies": {
    "yg-good-match": {
      "version": "1.0.0",
      "resolved": "https://registry.npmjs.org/yg-good-match/-/yg-good-match-1.0.0.tgz",
      "integrity": "sha512-8U7NvHyJhQIuUSyKYqJAFoLhEfdxkcKFHsR//Aj61G2MKpOHy5T2dhxRtAHR9yLm88LkarAULJMOpH9i9x8icg=="
    }
  }
}
